
Microsoft Visual Studio Solution File, Format Version 12.00
# Visual Studio 14
VisualStudioVersion = 14.0.24720.0
MinimumVisualStudioVersion = 10.0.40219.1
Project("{FAE04EC0-301F-11D3-BF4B-00C04F79EFBC}") = "URandomGen.Net46", "URandomGen\URandomGen.Net46.csproj", "{2D805B0C-CE46-4D8B-A627-064D52FEBF22}"
EndProject
Project("{FAE04EC0-301F-11D3-BF4B-00C04F79EFBC}") = "URandomGen.Tests.Net46", "URandomGen.Tests\URandomGen.Tests.Net46.csproj", "{B656EB7D-0739-4037-B192-5A7F83892F53}"
EndProject
Global
	GlobalSection(SolutionConfigurationPlatforms) = preSolution
		Debug|Any CPU = Debug|Any CPU
		Release|Any CPU = Release|Any CPU
	EndGlobalSection
	GlobalSection(ProjectConfigurationPlatforms) = postSolution
		{2D805B0C-CE46-4D8B-A627-064D52FEBF22}.Debug|Any CPU.ActiveCfg = Debug|Any CPU
		{2D805B0C-CE46-4D8B-A627-064D52FEBF22}.Debug|Any CPU.Build.0 = Debug|Any CPU
		{2D805B0C-CE46-4D8B-A627-064D52FEBF22}.Release|Any CPU.ActiveCfg = Release|Any CPU
		{2D805B0C-CE46-4D8B-A627-064D52FEBF22}.Release|Any CPU.Build.0 = Release|Any CPU
		{B656EB7D-0739-4037-B192-5A7F83892F53}.Debug|Any CPU.ActiveCfg = Debug|Any CPU
		{B656EB7D-0739-4037-B192-5A7F83892F53}.Debug|Any CPU.Build.0 = Debug|Any CPU
		{B656EB7D-0739-4037-B192-5A7F83892F53}.Release|Any CPU.ActiveCfg = Release|Any CPU
		{B656EB7D-0739-4037-B192-5A7F83892F53}.Release|Any CPU.Build.0 = Release|Any CPU
	EndGlobalSection
	GlobalSection(SolutionProperties) = preSolution
		HideSolutionNode = FALSE
	EndGlobalSection
EndGlobal
