
Microsoft Visual Studio Solution File, Format Version 12.00
# Visual Studio 14
VisualStudioVersion = 14.0.24720.0
MinimumVisualStudioVersion = 10.0.40219.1
Project("{FAE04EC0-301F-11D3-BF4B-00C04F79EFBC}") = "URandomGen.Net46", "URandomGen\URandomGen.Net46.csproj", "{2D805B0C-CE46-4D8B-A627-064D52FEBF22}"
EndProject
Project("{FAE04EC0-301F-11D3-BF4B-00C04F79EFBC}") = "URandomGen.Net45", "URandomGen\URandomGen.Net45.csproj", "{EB1C2094-AD9C-4C0C-B7E0-D13D13891F39}"
EndProject
Project("{FAE04EC0-301F-11D3-BF4B-00C04F79EFBC}") = "URandomGen.Net40", "URandomGen\URandomGen.Net40.csproj", "{BE5CBF04-F927-4F39-8E8A-88F3DDF31999}"
EndProject
Project("{FAE04EC0-301F-11D3-BF4B-00C04F79EFBC}") = "URandomGen.Net35", "URandomGen\URandomGen.Net35.csproj", "{0C213931-1142-435C-BD96-58DBDA695541}"
EndProject
Project("{FAE04EC0-301F-11D3-BF4B-00C04F79EFBC}") = "URandomGen.Net20", "URandomGen\URandomGen.Net20.csproj", "{94866BC3-A2CD-42C8-9F26-4AA082AE2DAA}"
EndProject
Project("{FAE04EC0-301F-11D3-BF4B-00C04F79EFBC}") = "URandomGen.Pcl45", "URandomGen\URandomGen.Pcl45.csproj", "{00117A29-88FD-44C3-9A56-1B9226E15D67}"
EndProject
Project("{FAE04EC0-301F-11D3-BF4B-00C04F79EFBC}") = "URandomGen.Pcl40", "URandomGen\URandomGen.Pcl40.csproj", "{762B2511-2F5B-46AF-86F4-F530E6F12F81}"
EndProject
Project("{FAE04EC0-301F-11D3-BF4B-00C04F79EFBC}") = "URandomGen.Android", "URandomGen\URandomGen.Android.csproj", "{A686108D-ABE2-47BA-A827-07F5F4A18D67}"
EndProject
Project("{FAE04EC0-301F-11D3-BF4B-00C04F79EFBC}") = "URandomGen.iOS", "URandomGen\URandomGen.iOS.csproj", "{72C168B1-1CE1-461B-9266-5806DE30AD47}"
EndProject
Project("{FAE04EC0-301F-11D3-BF4B-00C04F79EFBC}") = "URandomGen.Tests.Net46", "URandomGen.Tests\URandomGen.Tests.Net46.csproj", "{B656EB7D-0739-4037-B192-5A7F83892F53}"
EndProject
Project("{FAE04EC0-301F-11D3-BF4B-00C04F79EFBC}") = "URandomGen.Tests.Net45", "URandomGen.Tests\URandomGen.Tests.Net45.csproj", "{DF68014E-F2E3-43F8-8997-CFD43E00ACBF}"
EndProject
Project("{FAE04EC0-301F-11D3-BF4B-00C04F79EFBC}") = "URandomGen.Tests.Net40", "URandomGen.Tests\URandomGen.Tests.Net40.csproj", "{62D76831-0DA4-4EDF-9053-858C1FB0092B}"
EndProject
Project("{FAE04EC0-301F-11D3-BF4B-00C04F79EFBC}") = "URandomGen.Tests.Net35", "URandomGen.Tests\URandomGen.Tests.Net35.csproj", "{A6DCA670-0069-480B-86C3-5BE98969B7FE}"
EndProject
Project("{FAE04EC0-301F-11D3-BF4B-00C04F79EFBC}") = "URandomGen.Tests.Net20", "URandomGen.Tests\URandomGen.Tests.Net20.csproj", "{C07028D3-9DB9-49D8-8A55-3B182044D876}"
EndProject
Project("{FAE04EC0-301F-11D3-BF4B-00C04F79EFBC}") = "URandomGen.Tests.Pcl45", "URandomGen.Tests\URandomGen.Tests.Pcl45.csproj", "{689DFE16-A61F-440A-8519-A4E6CB6EB361}"
EndProject
Project("{FAE04EC0-301F-11D3-BF4B-00C04F79EFBC}") = "URandomGen.Tests.Pcl40", "URandomGen.Tests\URandomGen.Tests.Pcl40.csproj", "{37C0CF63-38CF-4CD7-8833-801EBDDF0E72}"
EndProject
Global
	GlobalSection(SolutionConfigurationPlatforms) = preSolution
		AppStore|Any CPU = AppStore|Any CPU
		Debug|Any CPU = Debug|Any CPU
		Release|Any CPU = Release|Any CPU
	EndGlobalSection
	GlobalSection(ProjectConfigurationPlatforms) = postSolution
		{2D805B0C-CE46-4D8B-A627-064D52FEBF22}.AppStore|Any CPU.ActiveCfg = Release|Any CPU
		{2D805B0C-CE46-4D8B-A627-064D52FEBF22}.AppStore|Any CPU.Build.0 = Release|Any CPU
		{2D805B0C-CE46-4D8B-A627-064D52FEBF22}.Debug|Any CPU.ActiveCfg = Debug|Any CPU
		{2D805B0C-CE46-4D8B-A627-064D52FEBF22}.Debug|Any CPU.Build.0 = Debug|Any CPU
		{2D805B0C-CE46-4D8B-A627-064D52FEBF22}.Release|Any CPU.ActiveCfg = Release|Any CPU
		{2D805B0C-CE46-4D8B-A627-064D52FEBF22}.Release|Any CPU.Build.0 = Release|Any CPU
		{EB1C2094-AD9C-4C0C-B7E0-D13D13891F39}.AppStore|Any CPU.ActiveCfg = Release|Any CPU
		{EB1C2094-AD9C-4C0C-B7E0-D13D13891F39}.AppStore|Any CPU.Build.0 = Release|Any CPU
		{EB1C2094-AD9C-4C0C-B7E0-D13D13891F39}.Debug|Any CPU.ActiveCfg = Debug|Any CPU
		{EB1C2094-AD9C-4C0C-B7E0-D13D13891F39}.Debug|Any CPU.Build.0 = Debug|Any CPU
		{EB1C2094-AD9C-4C0C-B7E0-D13D13891F39}.Release|Any CPU.ActiveCfg = Release|Any CPU
		{EB1C2094-AD9C-4C0C-B7E0-D13D13891F39}.Release|Any CPU.Build.0 = Release|Any CPU
		{BE5CBF04-F927-4F39-8E8A-88F3DDF31999}.AppStore|Any CPU.ActiveCfg = Release|Any CPU
		{BE5CBF04-F927-4F39-8E8A-88F3DDF31999}.AppStore|Any CPU.Build.0 = Release|Any CPU
		{BE5CBF04-F927-4F39-8E8A-88F3DDF31999}.Debug|Any CPU.ActiveCfg = Debug|Any CPU
		{BE5CBF04-F927-4F39-8E8A-88F3DDF31999}.Debug|Any CPU.Build.0 = Debug|Any CPU
		{BE5CBF04-F927-4F39-8E8A-88F3DDF31999}.Release|Any CPU.ActiveCfg = Release|Any CPU
		{BE5CBF04-F927-4F39-8E8A-88F3DDF31999}.Release|Any CPU.Build.0 = Release|Any CPU
		{0C213931-1142-435C-BD96-58DBDA695541}.AppStore|Any CPU.ActiveCfg = Release|Any CPU
		{0C213931-1142-435C-BD96-58DBDA695541}.AppStore|Any CPU.Build.0 = Release|Any CPU
		{0C213931-1142-435C-BD96-58DBDA695541}.Debug|Any CPU.ActiveCfg = Debug|Any CPU
		{0C213931-1142-435C-BD96-58DBDA695541}.Debug|Any CPU.Build.0 = Debug|Any CPU
		{0C213931-1142-435C-BD96-58DBDA695541}.Release|Any CPU.ActiveCfg = Release|Any CPU
		{0C213931-1142-435C-BD96-58DBDA695541}.Release|Any CPU.Build.0 = Release|Any CPU
		{94866BC3-A2CD-42C8-9F26-4AA082AE2DAA}.AppStore|Any CPU.ActiveCfg = Release|Any CPU
		{94866BC3-A2CD-42C8-9F26-4AA082AE2DAA}.AppStore|Any CPU.Build.0 = Release|Any CPU
		{94866BC3-A2CD-42C8-9F26-4AA082AE2DAA}.Debug|Any CPU.ActiveCfg = Debug|Any CPU
		{94866BC3-A2CD-42C8-9F26-4AA082AE2DAA}.Debug|Any CPU.Build.0 = Debug|Any CPU
		{94866BC3-A2CD-42C8-9F26-4AA082AE2DAA}.Release|Any CPU.ActiveCfg = Release|Any CPU
		{94866BC3-A2CD-42C8-9F26-4AA082AE2DAA}.Release|Any CPU.Build.0 = Release|Any CPU
		{00117A29-88FD-44C3-9A56-1B9226E15D67}.AppStore|Any CPU.ActiveCfg = Release|Any CPU
		{00117A29-88FD-44C3-9A56-1B9226E15D67}.AppStore|Any CPU.Build.0 = Release|Any CPU
		{00117A29-88FD-44C3-9A56-1B9226E15D67}.Debug|Any CPU.ActiveCfg = Debug|Any CPU
		{00117A29-88FD-44C3-9A56-1B9226E15D67}.Debug|Any CPU.Build.0 = Debug|Any CPU
		{00117A29-88FD-44C3-9A56-1B9226E15D67}.Release|Any CPU.ActiveCfg = Release|Any CPU
		{00117A29-88FD-44C3-9A56-1B9226E15D67}.Release|Any CPU.Build.0 = Release|Any CPU
		{762B2511-2F5B-46AF-86F4-F530E6F12F81}.AppStore|Any CPU.ActiveCfg = Release|Any CPU
		{762B2511-2F5B-46AF-86F4-F530E6F12F81}.AppStore|Any CPU.Build.0 = Release|Any CPU
		{762B2511-2F5B-46AF-86F4-F530E6F12F81}.Debug|Any CPU.ActiveCfg = Debug|Any CPU
		{762B2511-2F5B-46AF-86F4-F530E6F12F81}.Debug|Any CPU.Build.0 = Debug|Any CPU
		{762B2511-2F5B-46AF-86F4-F530E6F12F81}.Release|Any CPU.ActiveCfg = Release|Any CPU
		{762B2511-2F5B-46AF-86F4-F530E6F12F81}.Release|Any CPU.Build.0 = Release|Any CPU
		{A686108D-ABE2-47BA-A827-07F5F4A18D67}.AppStore|Any CPU.ActiveCfg = Release|Any CPU
		{A686108D-ABE2-47BA-A827-07F5F4A18D67}.AppStore|Any CPU.Build.0 = Release|Any CPU
		{A686108D-ABE2-47BA-A827-07F5F4A18D67}.Debug|Any CPU.ActiveCfg = Debug|Any CPU
		{A686108D-ABE2-47BA-A827-07F5F4A18D67}.Debug|Any CPU.Build.0 = Debug|Any CPU
		{A686108D-ABE2-47BA-A827-07F5F4A18D67}.Release|Any CPU.ActiveCfg = Release|Any CPU
		{A686108D-ABE2-47BA-A827-07F5F4A18D67}.Release|Any CPU.Build.0 = Release|Any CPU
		{B656EB7D-0739-4037-B192-5A7F83892F53}.AppStore|Any CPU.ActiveCfg = Release|Any CPU
		{B656EB7D-0739-4037-B192-5A7F83892F53}.AppStore|Any CPU.Build.0 = Release|Any CPU
		{B656EB7D-0739-4037-B192-5A7F83892F53}.Debug|Any CPU.ActiveCfg = Debug|Any CPU
		{B656EB7D-0739-4037-B192-5A7F83892F53}.Debug|Any CPU.Build.0 = Debug|Any CPU
		{B656EB7D-0739-4037-B192-5A7F83892F53}.Release|Any CPU.ActiveCfg = Release|Any CPU
		{B656EB7D-0739-4037-B192-5A7F83892F53}.Release|Any CPU.Build.0 = Release|Any CPU
		{DF68014E-F2E3-43F8-8997-CFD43E00ACBF}.AppStore|Any CPU.ActiveCfg = Release|Any CPU
		{DF68014E-F2E3-43F8-8997-CFD43E00ACBF}.AppStore|Any CPU.Build.0 = Release|Any CPU
		{DF68014E-F2E3-43F8-8997-CFD43E00ACBF}.Debug|Any CPU.ActiveCfg = Debug|Any CPU
		{DF68014E-F2E3-43F8-8997-CFD43E00ACBF}.Debug|Any CPU.Build.0 = Debug|Any CPU
		{DF68014E-F2E3-43F8-8997-CFD43E00ACBF}.Release|Any CPU.ActiveCfg = Release|Any CPU
		{DF68014E-F2E3-43F8-8997-CFD43E00ACBF}.Release|Any CPU.Build.0 = Release|Any CPU
		{62D76831-0DA4-4EDF-9053-858C1FB0092B}.AppStore|Any CPU.ActiveCfg = Release|Any CPU
		{62D76831-0DA4-4EDF-9053-858C1FB0092B}.AppStore|Any CPU.Build.0 = Release|Any CPU
		{62D76831-0DA4-4EDF-9053-858C1FB0092B}.Debug|Any CPU.ActiveCfg = Debug|Any CPU
		{62D76831-0DA4-4EDF-9053-858C1FB0092B}.Debug|Any CPU.Build.0 = Debug|Any CPU
		{62D76831-0DA4-4EDF-9053-858C1FB0092B}.Release|Any CPU.ActiveCfg = Release|Any CPU
		{62D76831-0DA4-4EDF-9053-858C1FB0092B}.Release|Any CPU.Build.0 = Release|Any CPU
		{A6DCA670-0069-480B-86C3-5BE98969B7FE}.AppStore|Any CPU.ActiveCfg = Release|Any CPU
		{A6DCA670-0069-480B-86C3-5BE98969B7FE}.AppStore|Any CPU.Build.0 = Release|Any CPU
		{A6DCA670-0069-480B-86C3-5BE98969B7FE}.Debug|Any CPU.ActiveCfg = Debug|Any CPU
		{A6DCA670-0069-480B-86C3-5BE98969B7FE}.Debug|Any CPU.Build.0 = Debug|Any CPU
		{A6DCA670-0069-480B-86C3-5BE98969B7FE}.Release|Any CPU.ActiveCfg = Release|Any CPU
		{A6DCA670-0069-480B-86C3-5BE98969B7FE}.Release|Any CPU.Build.0 = Release|Any CPU
		{C07028D3-9DB9-49D8-8A55-3B182044D876}.AppStore|Any CPU.ActiveCfg = Release|Any CPU
		{C07028D3-9DB9-49D8-8A55-3B182044D876}.AppStore|Any CPU.Build.0 = Release|Any CPU
		{C07028D3-9DB9-49D8-8A55-3B182044D876}.Debug|Any CPU.ActiveCfg = Debug|Any CPU
		{C07028D3-9DB9-49D8-8A55-3B182044D876}.Debug|Any CPU.Build.0 = Debug|Any CPU
		{C07028D3-9DB9-49D8-8A55-3B182044D876}.Release|Any CPU.ActiveCfg = Release|Any CPU
		{C07028D3-9DB9-49D8-8A55-3B182044D876}.Release|Any CPU.Build.0 = Release|Any CPU
		{689DFE16-A61F-440A-8519-A4E6CB6EB361}.AppStore|Any CPU.ActiveCfg = Release|Any CPU
		{689DFE16-A61F-440A-8519-A4E6CB6EB361}.AppStore|Any CPU.Build.0 = Release|Any CPU
		{689DFE16-A61F-440A-8519-A4E6CB6EB361}.Debug|Any CPU.ActiveCfg = Debug|Any CPU
		{689DFE16-A61F-440A-8519-A4E6CB6EB361}.Debug|Any CPU.Build.0 = Debug|Any CPU
		{689DFE16-A61F-440A-8519-A4E6CB6EB361}.Release|Any CPU.ActiveCfg = Release|Any CPU
		{689DFE16-A61F-440A-8519-A4E6CB6EB361}.Release|Any CPU.Build.0 = Release|Any CPU
		{37C0CF63-38CF-4CD7-8833-801EBDDF0E72}.AppStore|Any CPU.ActiveCfg = Release|Any CPU
		{37C0CF63-38CF-4CD7-8833-801EBDDF0E72}.AppStore|Any CPU.Build.0 = Release|Any CPU
		{37C0CF63-38CF-4CD7-8833-801EBDDF0E72}.Debug|Any CPU.ActiveCfg = Debug|Any CPU
		{37C0CF63-38CF-4CD7-8833-801EBDDF0E72}.Debug|Any CPU.Build.0 = Debug|Any CPU
		{37C0CF63-38CF-4CD7-8833-801EBDDF0E72}.Release|Any CPU.ActiveCfg = Release|Any CPU
		{37C0CF63-38CF-4CD7-8833-801EBDDF0E72}.Release|Any CPU.Build.0 = Release|Any CPU
		{72C168B1-1CE1-461B-9266-5806DE30AD47}.AppStore|Any CPU.ActiveCfg = AppStore|Any CPU
		{72C168B1-1CE1-461B-9266-5806DE30AD47}.AppStore|Any CPU.Build.0 = AppStore|Any CPU
		{72C168B1-1CE1-461B-9266-5806DE30AD47}.Debug|Any CPU.ActiveCfg = Debug|Any CPU
		{72C168B1-1CE1-461B-9266-5806DE30AD47}.Debug|Any CPU.Build.0 = Debug|Any CPU
		{72C168B1-1CE1-461B-9266-5806DE30AD47}.Release|Any CPU.ActiveCfg = Release|Any CPU
		{72C168B1-1CE1-461B-9266-5806DE30AD47}.Release|Any CPU.Build.0 = Release|Any CPU
	EndGlobalSection
	GlobalSection(SolutionProperties) = preSolution
		HideSolutionNode = FALSE
	EndGlobalSection
EndGlobal
